
Microsoft Visual Studio Solution File, Format Version 12.00
# Visual Studio Version 17
VisualStudioVersion = 17.9.34701.34
MinimumVisualStudioVersion = 10.0.40219.1
Project("{FAE04EC0-301F-11D3-BF4B-00C04F79EFBC}") = "ToDoList", "ToDoList\ToDoList.csproj", "{339CDA29-DD16-4EBB-8BDB-01CE1350AF04}"
EndProject
Global
	GlobalSection(SolutionConfigurationPlatforms) = preSolution
		Debug|Any CPU = Debug|Any CPU
		Release|Any CPU = Release|Any CPU
	EndGlobalSection
	GlobalSection(ProjectConfigurationPlatforms) = postSolution
		{339CDA29-DD16-4EBB-8BDB-01CE1350AF04}.Debug|Any CPU.ActiveCfg = Debug|Any CPU
		{339CDA29-DD16-4EBB-8BDB-01CE1350AF04}.Debug|Any CPU.Build.0 = Debug|Any CPU
		{339CDA29-DD16-4EBB-8BDB-01CE1350AF04}.Release|Any CPU.ActiveCfg = Release|Any CPU
		{339CDA29-DD16-4EBB-8BDB-01CE1350AF04}.Release|Any CPU.Build.0 = Release|Any CPU
	EndGlobalSection
	GlobalSection(SolutionProperties) = preSolution
		HideSolutionNode = FALSE
	EndGlobalSection
	GlobalSection(ExtensibilityGlobals) = postSolution
		SolutionGuid = {89622555-435B-4954-AA16-3FEF895E9632}
	EndGlobalSection
EndGlobal
